github.com/BurntSushi/toml v1.4.0 h1:kuoIxZQy2WRRk1pttg9asf+WVv6tWQuBNVmK8+nqPr0=
github.com/BurntSushi/toml v1.4.0/go.mod h1:ukJfTF/6rtPPRCnwkur4qwRxa8vTRFBF0uk2lLoLwho=
github.com/hillu/go-yara/v4 v4.3.3 h1:O+7iYTZK20fzsXiJyvA0d529RTdnZCrgS6HdE0O7BMg=
github.com/hillu/go-yara/v4 v4.3.3/go.mod h1:AHEs/FXVMQKVVlT6iG9d+q1BRr0gq0WoAWZQaZ0gS7s=
